
Microsoft Visual Studio Solution File, Format Version 12.00
# Visual Studio 15
VisualStudioVersion = 15.0.27130.2020
MinimumVisualStudioVersion = 10.0.40219.1
Project("{FAE04EC0-301F-11D3-BF4B-00C04F79EFBC}") = "LaGuineuApi", "LaGuineuApi\LaGuineuApi.csproj", "{A317BFBE-981E-462A-9F0C-9B3630D4E26D}"
EndProject
Project("{FAE04EC0-301F-11D3-BF4B-00C04F79EFBC}") = "LaGuineuData", "LaGuineuData\LaGuineuData.csproj", "{4FF85FB8-D6A3-4614-B008-3A720802D288}"
EndProject
Project("{FAE04EC0-301F-11D3-BF4B-00C04F79EFBC}") = "LaGuineuService", "LaGuineuService\LaGuineuService.csproj", "{BAA67A86-37D6-479A-A662-F9FB9D18A6A2}"
EndProject
Global
	GlobalSection(SolutionConfigurationPlatforms) = preSolution
		Debug|Any CPU = Debug|Any CPU
		Release|Any CPU = Release|Any CPU
	EndGlobalSection
	GlobalSection(ProjectConfigurationPlatforms) = postSolution
		{A317BFBE-981E-462A-9F0C-9B3630D4E26D}.Debug|Any CPU.ActiveCfg = Debug|Any CPU
		{A317BFBE-981E-462A-9F0C-9B3630D4E26D}.Debug|Any CPU.Build.0 = Debug|Any CPU
		{A317BFBE-981E-462A-9F0C-9B3630D4E26D}.Release|Any CPU.ActiveCfg = Release|Any CPU
		{A317BFBE-981E-462A-9F0C-9B3630D4E26D}.Release|Any CPU.Build.0 = Release|Any CPU
		{4FF85FB8-D6A3-4614-B008-3A720802D288}.Debug|Any CPU.ActiveCfg = Debug|Any CPU
		{4FF85FB8-D6A3-4614-B008-3A720802D288}.Debug|Any CPU.Build.0 = Debug|Any CPU
		{4FF85FB8-D6A3-4614-B008-3A720802D288}.Release|Any CPU.ActiveCfg = Release|Any CPU
		{4FF85FB8-D6A3-4614-B008-3A720802D288}.Release|Any CPU.Build.0 = Release|Any CPU
		{BAA67A86-37D6-479A-A662-F9FB9D18A6A2}.Debug|Any CPU.ActiveCfg = Debug|Any CPU
		{BAA67A86-37D6-479A-A662-F9FB9D18A6A2}.Debug|Any CPU.Build.0 = Debug|Any CPU
		{BAA67A86-37D6-479A-A662-F9FB9D18A6A2}.Release|Any CPU.ActiveCfg = Release|Any CPU
		{BAA67A86-37D6-479A-A662-F9FB9D18A6A2}.Release|Any CPU.Build.0 = Release|Any CPU
	EndGlobalSection
	GlobalSection(SolutionProperties) = preSolution
		HideSolutionNode = FALSE
	EndGlobalSection
	GlobalSection(ExtensibilityGlobals) = postSolution
		SolutionGuid = {17339668-1EDE-45D9-91E3-CC04C65B1502}
	EndGlobalSection
EndGlobal
